// !$*UTF8*$!
{
	archiveVersion = 1;
	classes = {
	};
	objectVersion = 46;
	objects = {

/* Begin PBXBuildFile section */
		C605590B1BD8898F00FE851D /* Department+CoreDataProperties.swift in Sources */ = {isa = PBXBuildFile; fileRef = C60559091BD8898F00FE851D /* Department+CoreDataProperties.swift */; };
		C605590C1BD8898F00FE851D /* Department.swift in Sources */ = {isa = PBXBuildFile; fileRef = C605590A1BD8898F00FE851D /* Department.swift */; };
		C60A8E191BD782C7001B5CB0 /* AppDelegate.swift in Sources */ = {isa = PBXBuildFile; fileRef = C60A8E181BD782C7001B5CB0 /* AppDelegate.swift */; };
		C60A8E1B1BD782C7001B5CB0 /* ViewController.swift in Sources */ = {isa = PBXBuildFile; fileRef = C60A8E1A1BD782C7001B5CB0 /* ViewController.swift */; };
		C60A8E1E1BD782C7001B5CB0 /* Main.storyboard in Resources */ = {isa = PBXBuildFile; fileRef = C60A8E1C1BD782C7001B5CB0 /* Main.storyboard */; };
		C60A8E231BD782C7001B5CB0 /* Assets.xcassets in Resources */ = {isa = PBXBuildFile; fileRef = C60A8E221BD782C7001B5CB0 /* Assets.xcassets */; };
		C60A8E261BD782C7001B5CB0 /* LaunchScreen.storyboard in Resources */ = {isa = PBXBuildFile; fileRef = C60A8E241BD782C7001B5CB0 /* LaunchScreen.storyboard */; };
		C60A8E371BD7A862001B5CB0 /* TestCoreData.xcdatamodeld in Sources */ = {isa = PBXBuildFile; fileRef = C60A8E321BD7A862001B5CB0 /* TestCoreData.xcdatamodeld */; };
		C60A8E381BD7A862001B5CB0 /* Company.plist in Resources */ = {isa = PBXBuildFile; fileRef = C60A8E351BD7A862001B5CB0 /* Company.plist */; };
		C60A8E3F1BD7ADC5001B5CB0 /* Default-568h@2x.png in Resources */ = {isa = PBXBuildFile; fileRef = C60A8E3E1BD7ADC5001B5CB0 /* Default-568h@2x.png */; };
		C60A8E411BD7ADF6001B5CB0 /* VersionDesign.rtfd in Resources */ = {isa = PBXBuildFile; fileRef = C60A8E401BD7ADF6001B5CB0 /* VersionDesign.rtfd */; };
		CE02C659E4CF708EEA598F16 /* Pods_TestCoreData.framework in Frameworks */ = {isa = PBXBuildFile; fileRef = 69392655FC33B1B6C1344C63 /* Pods_TestCoreData.framework */; };
/* End PBXBuildFile section */

/* Begin PBXFileReference section */
		0643F16B58A21926D549D66E /* Pods-TestCoreData.release.xcconfig */ = {isa = PBXFileReference; includeInIndex = 1; lastKnownFileType = text.xcconfig; name = "Pods-TestCoreData.release.xcconfig"; path = "Pods/Target Support Files/Pods-TestCoreData/Pods-TestCoreData.release.xcconfig"; sourceTree = "<group>"; };
		6207015A1052582C012A269E /* Pods-TestCoreData.debug.xcconfig */ = {isa = PBXFileReference; includeInIndex = 1; lastKnownFileType = text.xcconfig; name = "Pods-TestCoreData.debug.xcconfig"; path = "Pods/Target Support Files/Pods-TestCoreData/Pods-TestCoreData.debug.xcconfig"; sourceTree = "<group>"; };
		69392655FC33B1B6C1344C63 /* Pods_TestCoreData.framework */ = {isa = PBXFileReference; explicitFileType = wrapper.framework; includeInIndex = 0; path = Pods_TestCoreData.framework; sourceTree = BUILT_PRODUCTS_DIR; };
		C60559091BD8898F00FE851D /* Department+CoreDataProperties.swift */ = {isa = PBXFileReference; fileEncoding = 4; lastKnownFileType = sourcecode.swift; path = "Department+CoreDataProperties.swift"; sourceTree = "<group>"; };
		C605590A1BD8898F00FE851D /* Department.swift */ = {isa = PBXFileReference; fileEncoding = 4; lastKnownFileType = sourcecode.swift; path = Department.swift; sourceTree = "<group>"; };
		C60A8E151BD782C7001B5CB0 /* TestCoreData.app */ = {isa = PBXFileReference; explicitFileType = wrapper.application; includeInIndex = 0; path = TestCoreData.app; sourceTree = BUILT_PRODUCTS_DIR; };
		C60A8E181BD782C7001B5CB0 /* AppDelegate.swift */ = {isa = PBXFileReference; lastKnownFileType = sourcecode.swift; path = AppDelegate.swift; sourceTree = "<group>"; };
		C60A8E1A1BD782C7001B5CB0 /* ViewController.swift */ = {isa = PBXFileReference; lastKnownFileType = sourcecode.swift; path = ViewController.swift; sourceTree = "<group>"; };
		C60A8E1D1BD782C7001B5CB0 /* Base */ = {isa = PBXFileReference; lastKnownFileType = file.storyboard; name = Base; path = Base.lproj/Main.storyboard; sourceTree = "<group>"; };
		C60A8E221BD782C7001B5CB0 /* Assets.xcassets */ = {isa = PBXFileReference; lastKnownFileType = folder.assetcatalog; path = Assets.xcassets; sourceTree = "<group>"; };
		C60A8E251BD782C7001B5CB0 /* Base */ = {isa = PBXFileReference; lastKnownFileType = file.storyboard; name = Base; path = Base.lproj/LaunchScreen.storyboard; sourceTree = "<group>"; };
		C60A8E331BD7A862001B5CB0 /* TestCoreData.xcdatamodel */ = {isa = PBXFileReference; lastKnownFileType = wrapper.xcdatamodel; path = TestCoreData.xcdatamodel; sourceTree = "<group>"; };
		C60A8E351BD7A862001B5CB0 /* Company.plist */ = {isa = PBXFileReference; fileEncoding = 4; lastKnownFileType = text.plist.xml; path = Company.plist; sourceTree = "<group>"; };
		C60A8E3E1BD7ADC5001B5CB0 /* Default-568h@2x.png */ = {isa = PBXFileReference; lastKnownFileType = image.png; path = "Default-568h@2x.png"; sourceTree = "<group>"; };
		C60A8E401BD7ADF6001B5CB0 /* VersionDesign.rtfd */ = {isa = PBXFileReference; lastKnownFileType = wrapper.rtfd; path = VersionDesign.rtfd; sourceTree = "<group>"; };
/* End PBXFileReference section */

/* Begin PBXFrameworksBuildPhase section */
		C60A8E121BD782C7001B5CB0 /* Frameworks */ = {
			isa = PBXFrameworksBuildPhase;
			buildActionMask = 2147483647;
			files = (
				CE02C659E4CF708EEA598F16 /* Pods_TestCoreData.framework in Frameworks */,
			);
			runOnlyForDeploymentPostprocessing = 0;
		};
/* End PBXFrameworksBuildPhase section */

/* Begin PBXGroup section */
		524B6666374312D5618DDD38 /* Frameworks */ = {
			isa = PBXGroup;
			children = (
				69392655FC33B1B6C1344C63 /* Pods_TestCoreData.framework */,
			);
			name = Frameworks;
			sourceTree = "<group>";
		};
		C60A8E0C1BD782C7001B5CB0 = {
			isa = PBXGroup;
			children = (
				C60A8E171BD782C7001B5CB0 /* TestCoreData */,
				C60A8E161BD782C7001B5CB0 /* Products */,
				CFAE053E77B9DDA299FE23F0 /* Pods */,
				524B6666374312D5618DDD38 /* Frameworks */,
			);
			sourceTree = "<group>";
		};
		C60A8E161BD782C7001B5CB0 /* Products */ = {
			isa = PBXGroup;
			children = (
				C60A8E151BD782C7001B5CB0 /* TestCoreData.app */,
			);
			name = Products;
			sourceTree = "<group>";
		};
		C60A8E171BD782C7001B5CB0 /* TestCoreData */ = {
			isa = PBXGroup;
			children = (
				C60A8E311BD7A862001B5CB0 /* CoreData */,
				C60A8E181BD782C7001B5CB0 /* AppDelegate.swift */,
				C60A8E1A1BD782C7001B5CB0 /* ViewController.swift */,
				C60A8E1C1BD782C7001B5CB0 /* Main.storyboard */,
				C60A8E221BD782C7001B5CB0 /* Assets.xcassets */,
				C60A8E341BD7A862001B5CB0 /* Resource */,
				C60A8E3A1BD7A8B1001B5CB0 /* Support Files */,
				C60A8E241BD782C7001B5CB0 /* LaunchScreen.storyboard */,
			);
			path = TestCoreData;
			sourceTree = "<group>";
		};
		C60A8E311BD7A862001B5CB0 /* CoreData */ = {
			isa = PBXGroup;
			children = (
				C60A8E321BD7A862001B5CB0 /* TestCoreData.xcdatamodeld */,
				C60559091BD8898F00FE851D /* Department+CoreDataProperties.swift */,
				C605590A1BD8898F00FE851D /* Department.swift */,
			);
			path = CoreData;
			sourceTree = "<group>";
		};
		C60A8E341BD7A862001B5CB0 /* Resource */ = {
			isa = PBXGroup;
			children = (
				C60A8E401BD7ADF6001B5CB0 /* VersionDesign.rtfd */,
				C60A8E3E1BD7ADC5001B5CB0 /* Default-568h@2x.png */,
				C60A8E351BD7A862001B5CB0 /* Company.plist */,
			);
			path = Resource;
			sourceTree = "<group>";
		};
		C60A8E3A1BD7A8B1001B5CB0 /* Support Files */ = {
			isa = PBXGroup;
			children = (
			);
			path = "Support Files";
			sourceTree = "<group>";
		};
		CFAE053E77B9DDA299FE23F0 /* Pods */ = {
			isa = PBXGroup;
			children = (
				6207015A1052582C012A269E /* Pods-TestCoreData.debug.xcconfig */,
				0643F16B58A21926D549D66E /* Pods-TestCoreData.release.xcconfig */,
			);
			name = Pods;
			sourceTree = "<group>";
		};
/* End PBXGroup section */

/* Begin PBXNativeTarget section */
		C60A8E141BD782C7001B5CB0 /* TestCoreData */ = {
			isa = PBXNativeTarget;
			buildConfigurationList = C60A8E2A1BD782C7001B5CB0 /* Build configuration list for PBXNativeTarget "TestCoreData" */;
			buildPhases = (
				07CBB3F37A31510794C7514F /* Check Pods Manifest.lock */,
				C60A8E111BD782C7001B5CB0 /* Sources */,
				C60A8E121BD782C7001B5CB0 /* Frameworks */,
				C60A8E131BD782C7001B5CB0 /* Resources */,
				7106996DF2EE4A439096DE13 /* Embed Pods Frameworks */,
				50BC87FF46F803C01D1B2EC6 /* Copy Pods Resources */,
			);
			buildRules = (
			);
			dependencies = (
			);
			name = TestCoreData;
			productName = TestCoreData;
			productReference = C60A8E151BD782C7001B5CB0 /* TestCoreData.app */;
			productType = "com.apple.product-type.application";
		};
/* End PBXNativeTarget section */

/* Begin PBXProject section */
		C60A8E0D1BD782C7001B5CB0 /* Project object */ = {
			isa = PBXProject;
			attributes = {
				LastUpgradeCheck = 0700;
				ORGANIZATIONNAME = ArthurWang;
				TargetAttributes = {
					C60A8E141BD782C7001B5CB0 = {
						CreatedOnToolsVersion = 7.0.1;
						DevelopmentTeam = 25MVY87RXM;
					};
				};
			};
			buildConfigurationList = C60A8E101BD782C7001B5CB0 /* Build configuration list for PBXProject "TestCoreData" */;
			compatibilityVersion = "Xcode 3.2";
			developmentRegion = English;
			hasScannedForEncodings = 0;
			knownRegions = (
				en,
				Base,
			);
			mainGroup = C60A8E0C1BD782C7001B5CB0;
			productRefGroup = C60A8E161BD782C7001B5CB0 /* Products */;
			projectDirPath = "";
			projectRoot = "";
			targets = (
				C60A8E141BD782C7001B5CB0 /* TestCoreData */,
			);
		};
/* End PBXProject section */

/* Begin PBXResourcesBuildPhase section */
		C60A8E131BD782C7001B5CB0 /* Resources */ = {
			isa = PBXResourcesBuildPhase;
			buildActionMask = 2147483647;
			files = (
				C60A8E411BD7ADF6001B5CB0 /* VersionDesign.rtfd in Resources */,
				C60A8E261BD782C7001B5CB0 /* LaunchScreen.storyboard in Resources */,
				C60A8E231BD782C7001B5CB0 /* Assets.xcassets in Resources */,
				C60A8E381BD7A862001B5CB0 /* Company.plist in Resources */,
				C60A8E3F1BD7ADC5001B5CB0 /* Default-568h@2x.png in Resources */,
				C60A8E1E1BD782C7001B5CB0 /* Main.storyboard in Resources */,
			);
			runOnlyForDeploymentPostprocessing = 0;
		};
/* End PBXResourcesBuildPhase section */

/* Begin PBXShellScriptBuildPhase section */
		07CBB3F37A31510794C7514F /* Check Pods Manifest.lock */ = {
			isa = PBXShellScriptBuildPhase;
			buildActionMask = 2147483647;
			files = (
			);
			inputPaths = (
			);
			name = "Check Pods Manifest.lock";
			outputPaths = (
			);
			runOnlyForDeploymentPostprocessing = 0;
			shellPath = /bin/sh;
			shellScript = "diff \"${PODS_ROOT}/../Podfile.lock\" \"${PODS_ROOT}/Manifest.lock\" > /dev/null\nif [[ $? != 0 ]] ; then\n    cat << EOM\nerror: The sandbox is not in sync with the Podfile.lock. Run 'pod install' or update your CocoaPods installation.\nEOM\n    exit 1\nfi\n";
			showEnvVarsInLog = 0;
		};
		50BC87FF46F803C01D1B2EC6 /* Copy Pods Resources */ = {
			isa = PBXShellScriptBuildPhase;
			buildActionMask = 2147483647;
			files = (
			);
			inputPaths = (
			);
			name = "Copy Pods Resources";
			outputPaths = (
			);
			runOnlyForDeploymentPostprocessing = 0;
			shellPath = /bin/sh;
			shellScript = "\"${SRCROOT}/Pods/Target Support Files/Pods-TestCoreData/Pods-TestCoreData-resources.sh\"\n";
			showEnvVarsInLog = 0;
		};
		7106996DF2EE4A439096DE13 /* Embed Pods Frameworks */ = {
			isa = PBXShellScriptBuildPhase;
			buildActionMask = 2147483647;
			files = (
			);
			inputPaths = (
			);
			name = "Embed Pods Frameworks";
			outputPaths = (
			);
			runOnlyForDeploymentPostprocessing = 0;
			shellPath = /bin/sh;
			shellScript = "\"${SRCROOT}/Pods/Target Support Files/Pods-TestCoreData/Pods-TestCoreData-frameworks.sh\"\n";
			showEnvVarsInLog = 0;
		};
/* End PBXShellScriptBuildPhase section */

/* Begin PBXSourcesBuildPhase section */
		C60A8E111BD782C7001B5CB0 /* Sources */ = {
			isa = PBXSourcesBuildPhase;
			buildActionMask = 2147483647;
			files = (
				C60A8E1B1BD782C7001B5CB0 /* ViewController.swift in Sources */,
				C605590B1BD8898F00FE851D /* Department+CoreDataProperties.swift in Sources */,
				C605590C1BD8898F00FE851D /* Department.swift in Sources */,
				C60A8E371BD7A862001B5CB0 /* TestCoreData.xcdatamodeld in Sources */,
				C60A8E191BD782C7001B5CB0 /* AppDelegate.swift in Sources */,
			);
			runOnlyForDeploymentPostprocessing = 0;
		};
/* End PBXSourcesBuildPhase section */

/* Begin PBXVariantGroup section */
		C60A8E1C1BD782C7001B5CB0 /* Main.storyboard */ = {
			isa = PBXVariantGroup;
			children = (
				C60A8E1D1BD782C7001B5CB0 /* Base */,
			);
			name = Main.storyboard;
			sourceTree = "<group>";
		};
		C60A8E241BD782C7001B5CB0 /* LaunchScreen.storyboard */ = {
			isa = PBXVariantGroup;
			children = (
				C60A8E251BD782C7001B5CB0 /* Base */,
			);
			name = LaunchScreen.storyboard;
			sourceTree = "<group>";
		};
/* End PBXVariantGroup section */

/* Begin XCBuildConfiguration section */
		C60A8E281BD782C7001B5CB0 /* Debug */ = {
			isa = XCBuildConfiguration;
			buildSettings = {
				ALWAYS_SEARCH_USER_PATHS = NO;
				CLANG_CXX_LANGUAGE_STANDARD = "gnu++0x";
				CLANG_CXX_LIBRARY = "libc++";
				CLANG_ENABLE_MODULES = YES;
				CLANG_ENABLE_OBJC_ARC = YES;
				CLANG_WARN_BOOL_CONVERSION = YES;
				CLANG_WARN_CONSTANT_CONVERSION = YES;
				CLANG_WARN_DIRECT_OBJC_ISA_USAGE = YES_ERROR;
				CLANG_WARN_EMPTY_BODY = YES;
				CLANG_WARN_ENUM_CONVERSION = YES;
				CLANG_WARN_INT_CONVERSION = YES;
				CLANG_WARN_OBJC_ROOT_CLASS = YES_ERROR;
				CLANG_WARN_UNREACHABLE_CODE = YES;
				CLANG_WARN__DUPLICATE_METHOD_MATCH = YES;
				"CODE_SIGN_IDENTITY[sdk=iphoneos*]" = "iPhone Developer";
				COPY_PHASE_STRIP = NO;
				DEBUG_INFORMATION_FORMAT = dwarf;
				ENABLE_STRICT_OBJC_MSGSEND = YES;
				ENABLE_TESTABILITY = YES;
				GCC_C_LANGUAGE_STANDARD = gnu99;
				GCC_DYNAMIC_NO_PIC = NO;
				GCC_NO_COMMON_BLOCKS = YES;
				GCC_OPTIMIZATION_LEVEL = 0;
				GCC_PRECOMPILE_PREFIX_HEADER = YES;
				GCC_PREFIX_HEADER = "/Users/arthurwang/SVN/Mines/TestCoreData/TestCoreData/TestCoreData/Support Files/PrefixHeader.pch";
				GCC_PREPROCESSOR_DEFINITIONS = (
					"DEBUG=1",
					"$(inherited)",
				);
				GCC_WARN_64_TO_32_BIT_CONVERSION = YES;
				GCC_WARN_ABOUT_RETURN_TYPE = YES_ERROR;
				GCC_WARN_UNDECLARED_SELECTOR = YES;
				GCC_WARN_UNINITIALIZED_AUTOS = YES_AGGRESSIVE;
				GCC_WARN_UNUSED_FUNCTION = YES;
				GCC_WARN_UNUSED_VARIABLE = YES;
				IPHONEOS_DEPLOYMENT_TARGET = 9.0;
				MTL_ENABLE_DEBUG_INFO = YES;
				ONLY_ACTIVE_ARCH = YES;
				SDKROOT = iphoneos;
				SWIFT_OPTIMIZATION_LEVEL = "-Onone";
				TARGETED_DEVICE_FAMILY = "1,2";
			};
			name = Debug;
		};
		C60A8E291BD782C7001B5CB0 /* Release */ = {
			isa = XCBuildConfiguration;
			buildSettings = {
				ALWAYS_SEARCH_USER_PATHS = NO;
				CLANG_CXX_LANGUAGE_STANDARD = "gnu++0x";
				CLANG_CXX_LIBRARY = "libc++";
				CLANG_ENABLE_MODULES = YES;
				CLANG_ENABLE_OBJC_ARC = YES;
				CLANG_WARN_BOOL_CONVERSION = YES;
				CLANG_WARN_CONSTANT_CONVERSION = YES;
				CLANG_WARN_DIRECT_OBJC_ISA_USAGE = YES_ERROR;
				CLANG_WARN_EMPTY_BODY = YES;
				CLANG_WARN_ENUM_CONVERSION = YES;
				CLANG_WARN_INT_CONVERSION = YES;
				CLANG_WARN_OBJC_ROOT_CLASS = YES_ERROR;
				CLANG_WARN_UNREACHABLE_CODE = YES;
				CLANG_WARN__DUPLICATE_METHOD_MATCH = YES;
				"CODE_SIGN_IDENTITY[sdk=iphoneos*]" = "iPhone Developer";
				COPY_PHASE_STRIP = NO;
				DEBUG_INFORMATION_FORMAT = "dwarf-with-dsym";
				ENABLE_NS_ASSERTIONS = NO;
				ENABLE_STRICT_OBJC_MSGSEND = YES;
				GCC_C_LANGUAGE_STANDARD = gnu99;
				GCC_NO_COMMON_BLOCKS = YES;
				GCC_PRECOMPILE_PREFIX_HEADER = YES;
				GCC_PREFIX_HEADER = "/Users/arthurwang/SVN/Mines/TestCoreData/TestCoreData/TestCoreData/Support Files/PrefixHeader.pch";
				GCC_WARN_64_TO_32_BIT_CONVERSION = YES;
				GCC_WARN_ABOUT_RETURN_TYPE = YES_ERROR;
				GCC_WARN_UNDECLARED_SELECTOR = YES;
				GCC_WARN_UNINITIALIZED_AUTOS = YES_AGGRESSIVE;
				GCC_WARN_UNUSED_FUNCTION = YES;
				GCC_WARN_UNUSED_VARIABLE = YES;
				IPHONEOS_DEPLOYMENT_TARGET = 9.0;
				MTL_ENABLE_DEBUG_INFO = NO;
				SDKROOT = iphoneos;
				TARGETED_DEVICE_FAMILY = "1,2";
				VALIDATE_PRODUCT = YES;
			};
			name = Release;
		};
		C60A8E2B1BD782C7001B5CB0 /* Debug */ = {
			isa = XCBuildConfiguration;
			baseConfigurationReference = 6207015A1052582C012A269E /* Pods-TestCoreData.debug.xcconfig */;
			buildSettings = {
				ASSETCATALOG_COMPILER_APPICON_NAME = AppIcon;
				ASSETCATALOG_COMPILER_LAUNCHIMAGE_NAME = "Brand Assets";
				INFOPLIST_FILE = TestCoreData/Info.plist;
				LD_RUNPATH_SEARCH_PATHS = "$(inherited) @executable_path/Frameworks";
				PRODUCT_BUNDLE_IDENTIFIER = com.arthurWang.TestCoreData;
				PRODUCT_NAME = "$(TARGET_NAME)";
				TARGETED_DEVICE_FAMILY = 1;
			};
			name = Debug;
		};
		C60A8E2C1BD782C7001B5CB0 /* Release */ = {
			isa = XCBuildConfiguration;
			baseConfigurationReference = 0643F16B58A21926D549D66E /* Pods-TestCoreData.release.xcconfig */;
			buildSettings = {
				ASSETCATALOG_COMPILER_APPICON_NAME = AppIcon;
				ASSETCATALOG_COMPILER_LAUNCHIMAGE_NAME = "Brand Assets";
				INFOPLIST_FILE = TestCoreData/Info.plist;
				LD_RUNPATH_SEARCH_PATHS = "$(inherited) @executable_path/Frameworks";
				PRODUCT_BUNDLE_IDENTIFIER = com.arthurWang.TestCoreData;
				PRODUCT_NAME = "$(TARGET_NAME)";
				TARGETED_DEVICE_FAMILY = 1;
			};
			name = Release;
		};
/* End XCBuildConfiguration section */

/* Begin XCConfigurationList section */
		C60A8E101BD782C7001B5CB0 /* Build configuration list for PBXProject "TestCoreData" */ = {
			isa = XCConfigurationList;
			buildConfigurations = (
				C60A8E281BD782C7001B5CB0 /* Debug */,
				C60A8E291BD782C7001B5CB0 /* Release */,
			);
			defaultConfigurationIsVisible = 0;
			defaultConfigurationName = Release;
		};
		C60A8E2A1BD782C7001B5CB0 /* Build configuration list for PBXNativeTarget "TestCoreData" */ = {
			isa = XCConfigurationList;
			buildConfigurations = (
				C60A8E2B1BD782C7001B5CB0 /* Debug */,
				C60A8E2C1BD782C7001B5CB0 /* Release */,
			);
			defaultConfigurationIsVisible = 0;
			defaultConfigurationName = Release;
		};
/* End XCConfigurationList section */

/* Begin XCVersionGroup section */
		C60A8E321BD7A862001B5CB0 /* TestCoreData.xcdatamodeld */ = {
			isa = XCVersionGroup;
			children = (
				C60A8E331BD7A862001B5CB0 /* TestCoreData.xcdatamodel */,
			);
			currentVersion = C60A8E331BD7A862001B5CB0 /* TestCoreData.xcdatamodel */;
			path = TestCoreData.xcdatamodeld;
			sourceTree = "<group>";
			versionGroupType = wrapper.xcdatamodel;
		};
/* End XCVersionGroup section */
	};
	rootObject = C60A8E0D1BD782C7001B5CB0 /* Project object */;
}
